
Microsoft Visual Studio Solution File, Format Version 12.00
# Visual Studio 2013
VisualStudioVersion = 12.0.31101.0
MinimumVisualStudioVersion = 10.0.40219.1
Project("{FAE04EC0-301F-11D3-BF4B-00C04F79EFBC}") = "DevelopmentInProgress.WPFControls", "..\wpfcontrols\DevelopmentInProgress.WPFControls\DevelopmentInProgress.WPFControls.csproj", "{5ACDC574-0F6F-48BC-AD2A-2F29BD7009FE}"
EndProject
Project("{FAE04EC0-301F-11D3-BF4B-00C04F79EFBC}") = "DevelopmentInProgress.Origin", "..\origin\Projects\DevelopmentInProgress.Origin\DevelopmentInProgress.Origin.csproj", "{7BCE5D35-0443-4031-843A-3563356290E1}"
EndProject
Project("{2150E333-8FDC-42A3-9474-1A3956D46DE8}") = "UI", "UI", "{9F6A33EA-8714-491F-B697-59B70514ED15}"
EndProject
Project("{2150E333-8FDC-42A3-9474-1A3956D46DE8}") = "Service", "Service", "{934D6B38-1A66-499D-8A7E-F0617EE6CBA9}"
EndProject
Project("{2150E333-8FDC-42A3-9474-1A3956D46DE8}") = "Data", "Data", "{BF8EF7F4-62DD-443F-9276-0FF2963EE372}"
EndProject
Project("{2150E333-8FDC-42A3-9474-1A3956D46DE8}") = "AuthorisationManager", "AuthorisationManager", "{01E37B87-B050-4A67-B0CE-90FDBA13DA75}"
EndProject
Project("{FAE04EC0-301F-11D3-BF4B-00C04F79EFBC}") = "DevelopmentInProgress.AuthorisationManager.WPF", "UI\WPF\DevelopmentInProgress.AuthorisationManager.WPF.csproj", "{4B067197-130F-41C3-B6FB-E7541B091B4D}"
EndProject
Project("{FAE04EC0-301F-11D3-BF4B-00C04F79EFBC}") = "DevelopmentInProgress.AuthorisationManager.Service.Test", "Service\Test\DevelopmentInProgress.AuthorisationManager.Service.Test.csproj", "{DD6CB5A2-2032-48A4-9497-B5A7852FBBA4}"
EndProject
Project("{FAE04EC0-301F-11D3-BF4B-00C04F79EFBC}") = "DevelopmentInProgress.AuthorisationManager.Service", "Service\DevelopmentInProgress.AuthorisationManager.Service\DevelopmentInProgress.AuthorisationManager.Service.csproj", "{F6CBD0D7-CCB3-44E2-97A9-549253A2AD35}"
EndProject
Project("{FAE04EC0-301F-11D3-BF4B-00C04F79EFBC}") = "DevelopmentInProgress.DipCore", "..\dipcore\DevelopmentInProgress.DipCore\DevelopmentInProgress.DipCore.csproj", "{BA7DF412-8E32-498D-A463-BD35F9494D5E}"
EndProject
Project("{FAE04EC0-301F-11D3-BF4B-00C04F79EFBC}") = "DevelopmentInProgress.DipSecure", "..\dipsecure\DevelopmentInProgress.DipSecure\DevelopmentInProgress.DipSecure.csproj", "{22C3BF8F-C03B-49BB-9295-EF4EFEF95EF4}"
EndProject
Project("{FAE04EC0-301F-11D3-BF4B-00C04F79EFBC}") = "DevelopmentInProgress.AuthorisationManager.Data", "Data\DevelopmentInProgress.AuthorisationManager.Data\DevelopmentInProgress.AuthorisationManager.Data.csproj", "{E73387FE-7595-4122-9F27-00D5E3A454F6}"
EndProject
Project("{FAE04EC0-301F-11D3-BF4B-00C04F79EFBC}") = "DevelopmentInProgress.AuthorisationManager.Data.SQLServer", "Data\DevelopmentInProgress.AuthorisationManager.Data.SQLServer\DevelopmentInProgress.AuthorisationManager.Data.SQLServer.csproj", "{3383DDD9-A333-4031-952B-9CFDB0D4C02D}"
EndProject
Global
	GlobalSection(SolutionConfigurationPlatforms) = preSolution
		Debug|Any CPU = Debug|Any CPU
		Release|Any CPU = Release|Any CPU
	EndGlobalSection
	GlobalSection(ProjectConfigurationPlatforms) = postSolution
		{5ACDC574-0F6F-48BC-AD2A-2F29BD7009FE}.Debug|Any CPU.ActiveCfg = Debug|Any CPU
		{5ACDC574-0F6F-48BC-AD2A-2F29BD7009FE}.Debug|Any CPU.Build.0 = Debug|Any CPU
		{5ACDC574-0F6F-48BC-AD2A-2F29BD7009FE}.Release|Any CPU.ActiveCfg = Release|Any CPU
		{5ACDC574-0F6F-48BC-AD2A-2F29BD7009FE}.Release|Any CPU.Build.0 = Release|Any CPU
		{7BCE5D35-0443-4031-843A-3563356290E1}.Debug|Any CPU.ActiveCfg = Debug|Any CPU
		{7BCE5D35-0443-4031-843A-3563356290E1}.Debug|Any CPU.Build.0 = Debug|Any CPU
		{7BCE5D35-0443-4031-843A-3563356290E1}.Release|Any CPU.ActiveCfg = Release|Any CPU
		{7BCE5D35-0443-4031-843A-3563356290E1}.Release|Any CPU.Build.0 = Release|Any CPU
		{4B067197-130F-41C3-B6FB-E7541B091B4D}.Debug|Any CPU.ActiveCfg = Debug|Any CPU
		{4B067197-130F-41C3-B6FB-E7541B091B4D}.Debug|Any CPU.Build.0 = Debug|Any CPU
		{4B067197-130F-41C3-B6FB-E7541B091B4D}.Release|Any CPU.ActiveCfg = Release|Any CPU
		{4B067197-130F-41C3-B6FB-E7541B091B4D}.Release|Any CPU.Build.0 = Release|Any CPU
		{DD6CB5A2-2032-48A4-9497-B5A7852FBBA4}.Debug|Any CPU.ActiveCfg = Debug|Any CPU
		{DD6CB5A2-2032-48A4-9497-B5A7852FBBA4}.Debug|Any CPU.Build.0 = Debug|Any CPU
		{DD6CB5A2-2032-48A4-9497-B5A7852FBBA4}.Release|Any CPU.ActiveCfg = Release|Any CPU
		{DD6CB5A2-2032-48A4-9497-B5A7852FBBA4}.Release|Any CPU.Build.0 = Release|Any CPU
		{F6CBD0D7-CCB3-44E2-97A9-549253A2AD35}.Debug|Any CPU.ActiveCfg = Debug|Any CPU
		{F6CBD0D7-CCB3-44E2-97A9-549253A2AD35}.Debug|Any CPU.Build.0 = Debug|Any CPU
		{F6CBD0D7-CCB3-44E2-97A9-549253A2AD35}.Release|Any CPU.ActiveCfg = Release|Any CPU
		{F6CBD0D7-CCB3-44E2-97A9-549253A2AD35}.Release|Any CPU.Build.0 = Release|Any CPU
		{BA7DF412-8E32-498D-A463-BD35F9494D5E}.Debug|Any CPU.ActiveCfg = Debug|Any CPU
		{BA7DF412-8E32-498D-A463-BD35F9494D5E}.Debug|Any CPU.Build.0 = Debug|Any CPU
		{BA7DF412-8E32-498D-A463-BD35F9494D5E}.Release|Any CPU.ActiveCfg = Release|Any CPU
		{BA7DF412-8E32-498D-A463-BD35F9494D5E}.Release|Any CPU.Build.0 = Release|Any CPU
		{22C3BF8F-C03B-49BB-9295-EF4EFEF95EF4}.Debug|Any CPU.ActiveCfg = Debug|Any CPU
		{22C3BF8F-C03B-49BB-9295-EF4EFEF95EF4}.Debug|Any CPU.Build.0 = Debug|Any CPU
		{22C3BF8F-C03B-49BB-9295-EF4EFEF95EF4}.Release|Any CPU.ActiveCfg = Release|Any CPU
		{22C3BF8F-C03B-49BB-9295-EF4EFEF95EF4}.Release|Any CPU.Build.0 = Release|Any CPU
		{E73387FE-7595-4122-9F27-00D5E3A454F6}.Debug|Any CPU.ActiveCfg = Debug|Any CPU
		{E73387FE-7595-4122-9F27-00D5E3A454F6}.Debug|Any CPU.Build.0 = Debug|Any CPU
		{E73387FE-7595-4122-9F27-00D5E3A454F6}.Release|Any CPU.ActiveCfg = Release|Any CPU
		{E73387FE-7595-4122-9F27-00D5E3A454F6}.Release|Any CPU.Build.0 = Release|Any CPU
		{3383DDD9-A333-4031-952B-9CFDB0D4C02D}.Debug|Any CPU.ActiveCfg = Debug|Any CPU
		{3383DDD9-A333-4031-952B-9CFDB0D4C02D}.Debug|Any CPU.Build.0 = Debug|Any CPU
		{3383DDD9-A333-4031-952B-9CFDB0D4C02D}.Release|Any CPU.ActiveCfg = Release|Any CPU
		{3383DDD9-A333-4031-952B-9CFDB0D4C02D}.Release|Any CPU.Build.0 = Release|Any CPU
	EndGlobalSection
	GlobalSection(SolutionProperties) = preSolution
		HideSolutionNode = FALSE
	EndGlobalSection
	GlobalSection(NestedProjects) = preSolution
		{9F6A33EA-8714-491F-B697-59B70514ED15} = {01E37B87-B050-4A67-B0CE-90FDBA13DA75}
		{934D6B38-1A66-499D-8A7E-F0617EE6CBA9} = {01E37B87-B050-4A67-B0CE-90FDBA13DA75}
		{BF8EF7F4-62DD-443F-9276-0FF2963EE372} = {01E37B87-B050-4A67-B0CE-90FDBA13DA75}
		{4B067197-130F-41C3-B6FB-E7541B091B4D} = {9F6A33EA-8714-491F-B697-59B70514ED15}
		{DD6CB5A2-2032-48A4-9497-B5A7852FBBA4} = {934D6B38-1A66-499D-8A7E-F0617EE6CBA9}
		{F6CBD0D7-CCB3-44E2-97A9-549253A2AD35} = {934D6B38-1A66-499D-8A7E-F0617EE6CBA9}
		{E73387FE-7595-4122-9F27-00D5E3A454F6} = {BF8EF7F4-62DD-443F-9276-0FF2963EE372}
		{3383DDD9-A333-4031-952B-9CFDB0D4C02D} = {BF8EF7F4-62DD-443F-9276-0FF2963EE372}
	EndGlobalSection
EndGlobal
