
Microsoft Visual Studio Solution File, Format Version 12.00
# Visual Studio 2013
VisualStudioVersion = 12.0.31101.0
MinimumVisualStudioVersion = 10.0.40219.1
Project("{2150E333-8FDC-42A3-9474-1A3956D46DE8}") = "Data", "Data", "{16CFA8ED-4A08-41CF-A386-C6E2BFCAB1D2}"
EndProject
Project("{2150E333-8FDC-42A3-9474-1A3956D46DE8}") = "Service", "Service", "{AFF246DD-F23C-4199-9069-8CDAFA0CFE4A}"
EndProject
Project("{FAE04EC0-301F-11D3-BF4B-00C04F79EFBC}") = "DevelopmentInProgress.AuthorisationManager.Data", "Data\DevelopmentInProgress.AuthorisationManager.Data\DevelopmentInProgress.AuthorisationManager.Data.csproj", "{E73387FE-7595-4122-9F27-00D5E3A454F6}"
EndProject
Project("{FAE04EC0-301F-11D3-BF4B-00C04F79EFBC}") = "DevelopmentInProgress.AuthorisationManager.Data.SQL", "Data\DevelopmentInProgress.AuthorisationManager.Data.SQL\DevelopmentInProgress.AuthorisationManager.Data.SQL.csproj", "{3383DDD9-A333-4031-952B-9CFDB0D4C02D}"
EndProject
Project("{FAE04EC0-301F-11D3-BF4B-00C04F79EFBC}") = "DevelopmentInProgress.AuthorisationManager.Server", "Service\DevelopmentInProgress.AuthorisationManager.Server\DevelopmentInProgress.AuthorisationManager.Server.csproj", "{638070D4-E78E-47D7-B0AB-EE1EA5EF7674}"
EndProject
Project("{FAE04EC0-301F-11D3-BF4B-00C04F79EFBC}") = "DevelopmentInProgress.AuthorisationManager.WebAPI", "Service\WebAPI\DevelopmentInProgress.AuthorisationManager.WebAPI.csproj", "{FA2C51F4-3B4D-4B78-BE16-D6A5D012B601}"
EndProject
Project("{FAE04EC0-301F-11D3-BF4B-00C04F79EFBC}") = "DevelopmentInProgress.AuthorisationManager.Data.MySql", "Data\DevelopmentInProgress.AuthorisationManager.Data.MySql\DevelopmentInProgress.AuthorisationManager.Data.MySql.csproj", "{FE4FA900-2743-493D-951C-7519CA7A98FA}"
EndProject
Global
	GlobalSection(SolutionConfigurationPlatforms) = preSolution
		Debug|Any CPU = Debug|Any CPU
		Release|Any CPU = Release|Any CPU
	EndGlobalSection
	GlobalSection(ProjectConfigurationPlatforms) = postSolution
		{E73387FE-7595-4122-9F27-00D5E3A454F6}.Debug|Any CPU.ActiveCfg = Debug|Any CPU
		{E73387FE-7595-4122-9F27-00D5E3A454F6}.Debug|Any CPU.Build.0 = Debug|Any CPU
		{E73387FE-7595-4122-9F27-00D5E3A454F6}.Release|Any CPU.ActiveCfg = Release|Any CPU
		{E73387FE-7595-4122-9F27-00D5E3A454F6}.Release|Any CPU.Build.0 = Release|Any CPU
		{3383DDD9-A333-4031-952B-9CFDB0D4C02D}.Debug|Any CPU.ActiveCfg = Debug|Any CPU
		{3383DDD9-A333-4031-952B-9CFDB0D4C02D}.Debug|Any CPU.Build.0 = Debug|Any CPU
		{3383DDD9-A333-4031-952B-9CFDB0D4C02D}.Release|Any CPU.ActiveCfg = Release|Any CPU
		{3383DDD9-A333-4031-952B-9CFDB0D4C02D}.Release|Any CPU.Build.0 = Release|Any CPU
		{638070D4-E78E-47D7-B0AB-EE1EA5EF7674}.Debug|Any CPU.ActiveCfg = Debug|Any CPU
		{638070D4-E78E-47D7-B0AB-EE1EA5EF7674}.Debug|Any CPU.Build.0 = Debug|Any CPU
		{638070D4-E78E-47D7-B0AB-EE1EA5EF7674}.Release|Any CPU.ActiveCfg = Release|Any CPU
		{638070D4-E78E-47D7-B0AB-EE1EA5EF7674}.Release|Any CPU.Build.0 = Release|Any CPU
		{FA2C51F4-3B4D-4B78-BE16-D6A5D012B601}.Debug|Any CPU.ActiveCfg = Debug|Any CPU
		{FA2C51F4-3B4D-4B78-BE16-D6A5D012B601}.Debug|Any CPU.Build.0 = Debug|Any CPU
		{FA2C51F4-3B4D-4B78-BE16-D6A5D012B601}.Release|Any CPU.ActiveCfg = Release|Any CPU
		{FA2C51F4-3B4D-4B78-BE16-D6A5D012B601}.Release|Any CPU.Build.0 = Release|Any CPU
		{FE4FA900-2743-493D-951C-7519CA7A98FA}.Debug|Any CPU.ActiveCfg = Debug|Any CPU
		{FE4FA900-2743-493D-951C-7519CA7A98FA}.Debug|Any CPU.Build.0 = Debug|Any CPU
		{FE4FA900-2743-493D-951C-7519CA7A98FA}.Release|Any CPU.ActiveCfg = Release|Any CPU
		{FE4FA900-2743-493D-951C-7519CA7A98FA}.Release|Any CPU.Build.0 = Release|Any CPU
	EndGlobalSection
	GlobalSection(SolutionProperties) = preSolution
		HideSolutionNode = FALSE
	EndGlobalSection
	GlobalSection(NestedProjects) = preSolution
		{E73387FE-7595-4122-9F27-00D5E3A454F6} = {16CFA8ED-4A08-41CF-A386-C6E2BFCAB1D2}
		{3383DDD9-A333-4031-952B-9CFDB0D4C02D} = {16CFA8ED-4A08-41CF-A386-C6E2BFCAB1D2}
		{638070D4-E78E-47D7-B0AB-EE1EA5EF7674} = {AFF246DD-F23C-4199-9069-8CDAFA0CFE4A}
		{FE4FA900-2743-493D-951C-7519CA7A98FA} = {16CFA8ED-4A08-41CF-A386-C6E2BFCAB1D2}
	EndGlobalSection
EndGlobal
