
Microsoft Visual Studio Solution File, Format Version 12.00
# Visual Studio 2013
VisualStudioVersion = 12.0.31101.0
MinimumVisualStudioVersion = 10.0.40219.1
Project("{FAE04EC0-301F-11D3-BF4B-00C04F79EFBC}") = "DevelopmentInProgress.WPFControls", "..\wpfcontrols\DevelopmentInProgress.WPFControls\DevelopmentInProgress.WPFControls.csproj", "{5ACDC574-0F6F-48BC-AD2A-2F29BD7009FE}"
EndProject
Project("{FAE04EC0-301F-11D3-BF4B-00C04F79EFBC}") = "DevelopmentInProgress.Origin", "..\origin\Projects\DevelopmentInProgress.Origin\DevelopmentInProgress.Origin.csproj", "{7BCE5D35-0443-4031-843A-3563356290E1}"
EndProject
Project("{2150E333-8FDC-42A3-9474-1A3956D46DE8}") = "UI", "UI", "{9F6A33EA-8714-491F-B697-59B70514ED15}"
EndProject
Project("{2150E333-8FDC-42A3-9474-1A3956D46DE8}") = "Service", "Service", "{934D6B38-1A66-499D-8A7E-F0617EE6CBA9}"
EndProject
Project("{2150E333-8FDC-42A3-9474-1A3956D46DE8}") = "Data", "Data", "{BF8EF7F4-62DD-443F-9276-0FF2963EE372}"
EndProject
Project("{2150E333-8FDC-42A3-9474-1A3956D46DE8}") = "Model", "Model", "{15F28BB2-AD38-4A65-AE62-2280F0C4F83A}"
EndProject
Project("{2150E333-8FDC-42A3-9474-1A3956D46DE8}") = "WPF", "WPF", "{A8D08386-DA1E-4694-B91A-458AE98AE8D0}"
EndProject
Project("{2150E333-8FDC-42A3-9474-1A3956D46DE8}") = "AuthorisationManager", "AuthorisationManager", "{01E37B87-B050-4A67-B0CE-90FDBA13DA75}"
EndProject
Project("{FAE04EC0-301F-11D3-BF4B-00C04F79EFBC}") = "DevelopmentInProgress.AuthorisationManager.WPF", "UI\WPF\DevelopmentInProgress.AuthorisationManager.WPF.csproj", "{4B067197-130F-41C3-B6FB-E7541B091B4D}"
EndProject
Global
	GlobalSection(SolutionConfigurationPlatforms) = preSolution
		Debug|Any CPU = Debug|Any CPU
		Release|Any CPU = Release|Any CPU
	EndGlobalSection
	GlobalSection(ProjectConfigurationPlatforms) = postSolution
		{5ACDC574-0F6F-48BC-AD2A-2F29BD7009FE}.Debug|Any CPU.ActiveCfg = Debug|Any CPU
		{5ACDC574-0F6F-48BC-AD2A-2F29BD7009FE}.Debug|Any CPU.Build.0 = Debug|Any CPU
		{5ACDC574-0F6F-48BC-AD2A-2F29BD7009FE}.Release|Any CPU.ActiveCfg = Release|Any CPU
		{5ACDC574-0F6F-48BC-AD2A-2F29BD7009FE}.Release|Any CPU.Build.0 = Release|Any CPU
		{7BCE5D35-0443-4031-843A-3563356290E1}.Debug|Any CPU.ActiveCfg = Debug|Any CPU
		{7BCE5D35-0443-4031-843A-3563356290E1}.Debug|Any CPU.Build.0 = Debug|Any CPU
		{7BCE5D35-0443-4031-843A-3563356290E1}.Release|Any CPU.ActiveCfg = Release|Any CPU
		{7BCE5D35-0443-4031-843A-3563356290E1}.Release|Any CPU.Build.0 = Release|Any CPU
		{4B067197-130F-41C3-B6FB-E7541B091B4D}.Debug|Any CPU.ActiveCfg = Debug|Any CPU
		{4B067197-130F-41C3-B6FB-E7541B091B4D}.Debug|Any CPU.Build.0 = Debug|Any CPU
		{4B067197-130F-41C3-B6FB-E7541B091B4D}.Release|Any CPU.ActiveCfg = Release|Any CPU
		{4B067197-130F-41C3-B6FB-E7541B091B4D}.Release|Any CPU.Build.0 = Release|Any CPU
	EndGlobalSection
	GlobalSection(SolutionProperties) = preSolution
		HideSolutionNode = FALSE
	EndGlobalSection
	GlobalSection(NestedProjects) = preSolution
		{9F6A33EA-8714-491F-B697-59B70514ED15} = {01E37B87-B050-4A67-B0CE-90FDBA13DA75}
		{934D6B38-1A66-499D-8A7E-F0617EE6CBA9} = {01E37B87-B050-4A67-B0CE-90FDBA13DA75}
		{BF8EF7F4-62DD-443F-9276-0FF2963EE372} = {01E37B87-B050-4A67-B0CE-90FDBA13DA75}
		{15F28BB2-AD38-4A65-AE62-2280F0C4F83A} = {01E37B87-B050-4A67-B0CE-90FDBA13DA75}
		{A8D08386-DA1E-4694-B91A-458AE98AE8D0} = {9F6A33EA-8714-491F-B697-59B70514ED15}
		{4B067197-130F-41C3-B6FB-E7541B091B4D} = {A8D08386-DA1E-4694-B91A-458AE98AE8D0}
	EndGlobalSection
EndGlobal
